// !$*UTF8*$!
{
	archiveVersion = 1;
	classes = {
	};
	objectVersion = 77;
	objects = {

/* Begin PBXContainerItemProxy section */
		9C06E0A62FF77EE10010AF4A /* PBXContainerItemProxy */ = {
			isa = PBXContainerItemProxy;
			containerPortal = 9C06E08E2FF77EDF0010AF4A /* Project object */;
			proxyType = 1;
			remoteGlobalIDString = 9C06E0952FF77EDF0010AF4A;
			remoteInfo = OnDeviceSummary;
		};
		9C06E0B02FF77EE10010AF4A /* PBXContainerItemProxy */ = {
			isa = PBXContainerItemProxy;
			containerPortal = 9C06E08E2FF77EDF0010AF4A /* Project object */;
			proxyType = 1;
			remoteGlobalIDString = 9C06E0952FF77EDF0010AF4A;
			remoteInfo = OnDeviceSummary;
		};
/* End PBXContainerItemProxy section */

/* Begin PBXFileReference section */
		9C06E0962FF77EDF0010AF4A /* OnDeviceSummary.app */ = {isa = PBXFileReference; explicitFileType = wrapper.application; includeInIndex = 0; path = OnDeviceSummary.app; sourceTree = BUILT_PRODUCTS_DIR; };
		9C06E0A52FF77EE10010AF4A /* OnDeviceSummaryTests.xctest */ = {isa = PBXFileReference; explicitFileType = wrapper.cfbundle; includeInIndex = 0; path = OnDeviceSummaryTests.xctest; sourceTree = BUILT_PRODUCTS_DIR; };
		9C06E0AF2FF77EE10010AF4A /* OnDeviceSummaryUITests.xctest */ = {isa = PBXFileReference; explicitFileType = wrapper.cfbundle; includeInIndex = 0; path = OnDeviceSummaryUITests.xctest; sourceTree = BUILT_PRODUCTS_DIR; };
/* End PBXFileReference section */

/* Begin PBXFileSystemSynchronizedRootGroup section */
		9C06E0982FF77EDF0010AF4A /* OnDeviceSummary */ = {
			isa = PBXFileSystemSynchronizedRootGroup;
			path = OnDeviceSummary;
			sourceTree = "<group>";
		};
		9C06E0A82FF77EE10010AF4A /* OnDeviceSummaryTests */ = {
			isa = PBXFileSystemSynchronizedRootGroup;
			path = OnDeviceSummaryTests;
			sourceTree = "<group>";
		};
		9C06E0B22FF77EE10010AF4A /* OnDeviceSummaryUITests */ = {
			isa = PBXFileSystemSynchronizedRootGroup;
			path = OnDeviceSummaryUITests;
			sourceTree = "<group>";
		};
/* End PBXFileSystemSynchronizedRootGroup section */

/* Begin PBXFrameworksBuildPhase section */
		9C06E0932FF77EDF0010AF4A /* Frameworks */ = {
			isa = PBXFrameworksBuildPhase;
			buildActionMask = 2147483647;
			files = (
			);
			runOnlyForDeploymentPostprocessing = 0;
		};
		9C06E0A22FF77EE10010AF4A /* Frameworks */ = {
			isa = PBXFrameworksBuildPhase;
			buildActionMask = 2147483647;
			files = (
			);
			runOnlyForDeploymentPostprocessing = 0;
		};
		9C06E0AC2FF77EE10010AF4A /* Frameworks */ = {
			isa = PBXFrameworksBuildPhase;
			buildActionMask = 2147483647;
			files = (
			);
			runOnlyForDeploymentPostprocessing = 0;
		};
/* End PBXFrameworksBuildPhase section */

/* Begin PBXGroup section */
		9C06E08D2FF77EDF0010AF4A = {
			isa = PBXGroup;
			children = (
				9C06E0982FF77EDF0010AF4A /* OnDeviceSummary */,
				9C06E0A82FF77EE10010AF4A /* OnDeviceSummaryTests */,
				9C06E0B22FF77EE10010AF4A /* OnDeviceSummaryUITests */,
				9C06E1392FF8A4300010AF4A /* Frameworks */,
				9C06E0972FF77EDF0010AF4A /* Products */,
			);
			sourceTree = "<group>";
		};
		9C06E0972FF77EDF0010AF4A /* Products */ = {
			isa = PBXGroup;
			children = (
				9C06E0962FF77EDF0010AF4A /* OnDeviceSummary.app */,
				9C06E0A52FF77EE10010AF4A /* OnDeviceSummaryTests.xctest */,
				9C06E0AF2FF77EE10010AF4A /* OnDeviceSummaryUITests.xctest */,
			);
			name = Products;
			sourceTree = "<group>";
		};
		9C06E1392FF8A4300010AF4A /* Frameworks */ = {
			isa = PBXGroup;
			children = (
			);
			name = Frameworks;
			sourceTree = "<group>";
		};
/* End PBXGroup section */

/* Begin PBXNativeTarget section */
		9C06E0952FF77EDF0010AF4A /* OnDeviceSummary */ = {
			isa = PBXNativeTarget;
			buildConfigurationList = 9C06E0B92FF77EE10010AF4A /* Build configuration list for PBXNativeTarget "OnDeviceSummary" */;
			buildPhases = (
				9C06E0922FF77EDF0010AF4A /* Sources */,
				9C06E0932FF77EDF0010AF4A /* Frameworks */,
				9C06E0942FF77EDF0010AF4A /* Resources */,
			);
			buildRules = (
			);
			dependencies = (
				AB10CE110000000000000004 /* PBXTargetDependency */,
			);
			fileSystemSynchronizedGroups = (
				9C06E0982FF77EDF0010AF4A /* OnDeviceSummary */,
			);
			name = OnDeviceSummary;
			packageProductDependencies = (
				9C06E13A2FF8A4300010AF4A /* backend_xnnpack */,
				9C06E13C2FF8A4300010AF4A /* executorch */,
				9C06E13E2FF8A4300010AF4A /* executorch_llm */,
				9C06E1462FF9A0000010AF4A /* kernels_llm */,
				9C06E1402FF8A4300010AF4A /* kernels_optimized */,
				9C06E1422FF8A4300010AF4A /* kernels_quantized */,
				9C06E1442FF8A4300010AF4A /* kernels_torchao */,
			);
			productName = OnDeviceSummary;
			productReference = 9C06E0962FF77EDF0010AF4A /* OnDeviceSummary.app */;
			productType = "com.apple.product-type.application";
		};
		9C06E0A42FF77EE10010AF4A /* OnDeviceSummaryTests */ = {
			isa = PBXNativeTarget;
			buildConfigurationList = 9C06E0BC2FF77EE10010AF4A /* Build configuration list for PBXNativeTarget "OnDeviceSummaryTests" */;
			buildPhases = (
				9C06E0A12FF77EE10010AF4A /* Sources */,
				9C06E0A22FF77EE10010AF4A /* Frameworks */,
				9C06E0A32FF77EE10010AF4A /* Resources */,
			);
			buildRules = (
			);
			dependencies = (
				9C06E0A72FF77EE10010AF4A /* PBXTargetDependency */,
				AB10CE110000000000000005 /* PBXTargetDependency */,
			);
			fileSystemSynchronizedGroups = (
				9C06E0A82FF77EE10010AF4A /* OnDeviceSummaryTests */,
			);
			name = OnDeviceSummaryTests;
			packageProductDependencies = (
			);
			productName = OnDeviceSummaryTests;
			productReference = 9C06E0A52FF77EE10010AF4A /* OnDeviceSummaryTests.xctest */;
			productType = "com.apple.product-type.bundle.unit-test";
		};
		9C06E0AE2FF77EE10010AF4A /* OnDeviceSummaryUITests */ = {
			isa = PBXNativeTarget;
			buildConfigurationList = 9C06E0BF2FF77EE10010AF4A /* Build configuration list for PBXNativeTarget "OnDeviceSummaryUITests" */;
			buildPhases = (
				9C06E0AB2FF77EE10010AF4A /* Sources */,
				9C06E0AC2FF77EE10010AF4A /* Frameworks */,
				9C06E0AD2FF77EE10010AF4A /* Resources */,
			);
			buildRules = (
			);
			dependencies = (
				9C06E0B12FF77EE10010AF4A /* PBXTargetDependency */,
			);
			fileSystemSynchronizedGroups = (
				9C06E0B22FF77EE10010AF4A /* OnDeviceSummaryUITests */,
			);
			name = OnDeviceSummaryUITests;
			packageProductDependencies = (
			);
			productName = OnDeviceSummaryUITests;
			productReference = 9C06E0AF2FF77EE10010AF4A /* OnDeviceSummaryUITests.xctest */;
			productType = "com.apple.product-type.bundle.ui-testing";
		};
/* End PBXNativeTarget section */

/* Begin PBXProject section */
		9C06E08E2FF77EDF0010AF4A /* Project object */ = {
			isa = PBXProject;
			attributes = {
				BuildIndependentTargetsInParallel = 1;
				LastSwiftUpdateCheck = 2650;
				LastUpgradeCheck = 2660;
				TargetAttributes = {
					9C06E0952FF77EDF0010AF4A = {
						CreatedOnToolsVersion = 26.5;
					};
					9C06E0A42FF77EE10010AF4A = {
						CreatedOnToolsVersion = 26.5;
						TestTargetID = 9C06E0952FF77EDF0010AF4A;
					};
					9C06E0AE2FF77EE10010AF4A = {
						CreatedOnToolsVersion = 26.5;
						TestTargetID = 9C06E0952FF77EDF0010AF4A;
					};
				};
			};
			buildConfigurationList = 9C06E0912FF77EDF0010AF4A /* Build configuration list for PBXProject "OnDeviceSummary" */;
			developmentRegion = en;
			hasScannedForEncodings = 0;
			knownRegions = (
				en,
				Base,
			);
			mainGroup = 9C06E08D2FF77EDF0010AF4A;
			minimizedProjectReferenceProxies = 1;
			packageReferences = (
				9C06E1382FF8A4070010AF4A /* XCRemoteSwiftPackageReference "executorch" */,
				AB10CE110000000000000001 /* XCRemoteSwiftPackageReference "SwiftLintPlugins" */,
			);
			preferredProjectObjectVersion = 77;
			productRefGroup = 9C06E0972FF77EDF0010AF4A /* Products */;
			projectDirPath = "";
			projectRoot = "";
			targets = (
				9C06E0952FF77EDF0010AF4A /* OnDeviceSummary */,
				9C06E0A42FF77EE10010AF4A /* OnDeviceSummaryTests */,
				9C06E0AE2FF77EE10010AF4A /* OnDeviceSummaryUITests */,
			);
		};
/* End PBXProject section */

/* Begin PBXResourcesBuildPhase section */
		9C06E0942FF77EDF0010AF4A /* Resources */ = {
			isa = PBXResourcesBuildPhase;
			buildActionMask = 2147483647;
			files = (
			);
			runOnlyForDeploymentPostprocessing = 0;
		};
		9C06E0A32FF77EE10010AF4A /* Resources */ = {
			isa = PBXResourcesBuildPhase;
			buildActionMask = 2147483647;
			files = (
			);
			runOnlyForDeploymentPostprocessing = 0;
		};
		9C06E0AD2FF77EE10010AF4A /* Resources */ = {
			isa = PBXResourcesBuildPhase;
			buildActionMask = 2147483647;
			files = (
			);
			runOnlyForDeploymentPostprocessing = 0;
		};
/* End PBXResourcesBuildPhase section */

/* Begin PBXSourcesBuildPhase section */
		9C06E0922FF77EDF0010AF4A /* Sources */ = {
			isa = PBXSourcesBuildPhase;
			buildActionMask = 2147483647;
			files = (
			);
			runOnlyForDeploymentPostprocessing = 0;
		};
		9C06E0A12FF77EE10010AF4A /* Sources */ = {
			isa = PBXSourcesBuildPhase;
			buildActionMask = 2147483647;
			files = (
			);
			runOnlyForDeploymentPostprocessing = 0;
		};
		9C06E0AB2FF77EE10010AF4A /* Sources */ = {
			isa = PBXSourcesBuildPhase;
			buildActionMask = 2147483647;
			files = (
			);
			runOnlyForDeploymentPostprocessing = 0;
		};
/* End PBXSourcesBuildPhase section */

/* Begin PBXTargetDependency section */
		9C06E0A72FF77EE10010AF4A /* PBXTargetDependency */ = {
			isa = PBXTargetDependency;
			target = 9C06E0952FF77EDF0010AF4A /* OnDeviceSummary */;
			targetProxy = 9C06E0A62FF77EE10010AF4A /* PBXContainerItemProxy */;
		};
		9C06E0B12FF77EE10010AF4A /* PBXTargetDependency */ = {
			isa = PBXTargetDependency;
			target = 9C06E0952FF77EDF0010AF4A /* OnDeviceSummary */;
			targetProxy = 9C06E0B02FF77EE10010AF4A /* PBXContainerItemProxy */;
		};
		AB10CE110000000000000004 /* PBXTargetDependency */ = {
			isa = PBXTargetDependency;
			productRef = AB10CE110000000000000002 /* SwiftLintBuildToolPlugin */;
		};
		AB10CE110000000000000005 /* PBXTargetDependency */ = {
			isa = PBXTargetDependency;
			productRef = AB10CE110000000000000003 /* SwiftLintBuildToolPlugin */;
		};
/* End PBXTargetDependency section */

/* Begin XCBuildConfiguration section */
		9C06E0B72FF77EE10010AF4A /* Debug */ = {
			isa = XCBuildConfiguration;
			buildSettings = {
				ALWAYS_SEARCH_USER_PATHS = NO;
				ASSETCATALOG_COMPILER_GENERATE_SWIFT_ASSET_SYMBOL_EXTENSIONS = YES;
				CLANG_ANALYZER_NONNULL = YES;
				CLANG_ANALYZER_NUMBER_OBJECT_CONVERSION = YES_AGGRESSIVE;
				CLANG_CXX_LANGUAGE_STANDARD = "gnu++20";
				CLANG_ENABLE_MODULES = YES;
				CLANG_ENABLE_OBJC_ARC = YES;
				CLANG_ENABLE_OBJC_WEAK = YES;
				CLANG_WARN_BLOCK_CAPTURE_AUTORELEASING = YES;
				CLANG_WARN_BOOL_CONVERSION = YES;
				CLANG_WARN_COMMA = YES;
				CLANG_WARN_CONSTANT_CONVERSION = YES;
				CLANG_WARN_DEPRECATED_OBJC_IMPLEMENTATIONS = YES;
				CLANG_WARN_DIRECT_OBJC_ISA_USAGE = YES_ERROR;
				CLANG_WARN_DOCUMENTATION_COMMENTS = YES;
				CLANG_WARN_EMPTY_BODY = YES;
				CLANG_WARN_ENUM_CONVERSION = YES;
				CLANG_WARN_INFINITE_RECURSION = YES;
				CLANG_WARN_INT_CONVERSION = YES;
				CLANG_WARN_NON_LITERAL_NULL_CONVERSION = YES;
				CLANG_WARN_OBJC_IMPLICIT_RETAIN_SELF = YES;
				CLANG_WARN_OBJC_LITERAL_CONVERSION = YES;
				CLANG_WARN_OBJC_ROOT_CLASS = YES_ERROR;
				CLANG_WARN_QUOTED_INCLUDE_IN_FRAMEWORK_HEADER = YES;
				CLANG_WARN_RANGE_LOOP_ANALYSIS = YES;
				CLANG_WARN_STRICT_PROTOTYPES = YES;
				CLANG_WARN_SUSPICIOUS_MOVE = YES;
				CLANG_WARN_UNGUARDED_AVAILABILITY = YES_AGGRESSIVE;
				CLANG_WARN_UNREACHABLE_CODE = YES;
				CLANG_WARN__DUPLICATE_METHOD_MATCH = YES;
				COPY_PHASE_STRIP = NO;
				DEBUG_INFORMATION_FORMAT = dwarf;
				ENABLE_STRICT_OBJC_MSGSEND = YES;
				ENABLE_TESTABILITY = YES;
				ENABLE_USER_SCRIPT_SANDBOXING = YES;
				GCC_C_LANGUAGE_STANDARD = gnu17;
				GCC_DYNAMIC_NO_PIC = NO;
				GCC_NO_COMMON_BLOCKS = YES;
				GCC_OPTIMIZATION_LEVEL = 0;
				GCC_PREPROCESSOR_DEFINITIONS = (
					"DEBUG=1",
					"$(inherited)",
				);
				GCC_WARN_64_TO_32_BIT_CONVERSION = YES;
				GCC_WARN_ABOUT_RETURN_TYPE = YES_ERROR;
				GCC_WARN_UNDECLARED_SELECTOR = YES;
				GCC_WARN_UNINITIALIZED_AUTOS = YES_AGGRESSIVE;
				GCC_WARN_UNUSED_FUNCTION = YES;
				GCC_WARN_UNUSED_VARIABLE = YES;
				IPHONEOS_DEPLOYMENT_TARGET = 26.5;
				LOCALIZATION_PREFERS_STRING_CATALOGS = YES;
				MTL_ENABLE_DEBUG_INFO = INCLUDE_SOURCE;
				MTL_FAST_MATH = YES;
				ONLY_ACTIVE_ARCH = YES;
				SDKROOT = iphoneos;
				STRING_CATALOG_GENERATE_SYMBOLS = YES;
				SWIFT_ACTIVE_COMPILATION_CONDITIONS = "DEBUG $(inherited)";
				SWIFT_OPTIMIZATION_LEVEL = "-Onone";
			};
			name = Debug;
		};
		9C06E0B82FF77EE10010AF4A /* Release */ = {
			isa = XCBuildConfiguration;
			buildSettings = {
				ALWAYS_SEARCH_USER_PATHS = NO;
				ASSETCATALOG_COMPILER_GENERATE_SWIFT_ASSET_SYMBOL_EXTENSIONS = YES;
				CLANG_ANALYZER_NONNULL = YES;
				CLANG_ANALYZER_NUMBER_OBJECT_CONVERSION = YES_AGGRESSIVE;
				CLANG_CXX_LANGUAGE_STANDARD = "gnu++20";
				CLANG_ENABLE_MODULES = YES;
				CLANG_ENABLE_OBJC_ARC = YES;
				CLANG_ENABLE_OBJC_WEAK = YES;
				CLANG_WARN_BLOCK_CAPTURE_AUTORELEASING = YES;
				CLANG_WARN_BOOL_CONVERSION = YES;
				CLANG_WARN_COMMA = YES;
				CLANG_WARN_CONSTANT_CONVERSION = YES;
				CLANG_WARN_DEPRECATED_OBJC_IMPLEMENTATIONS = YES;
				CLANG_WARN_DIRECT_OBJC_ISA_USAGE = YES_ERROR;
				CLANG_WARN_DOCUMENTATION_COMMENTS = YES;
				CLANG_WARN_EMPTY_BODY = YES;
				CLANG_WARN_ENUM_CONVERSION = YES;
				CLANG_WARN_INFINITE_RECURSION = YES;
				CLANG_WARN_INT_CONVERSION = YES;
				CLANG_WARN_NON_LITERAL_NULL_CONVERSION = YES;
				CLANG_WARN_OBJC_IMPLICIT_RETAIN_SELF = YES;
				CLANG_WARN_OBJC_LITERAL_CONVERSION = YES;
				CLANG_WARN_OBJC_ROOT_CLASS = YES_ERROR;
				CLANG_WARN_QUOTED_INCLUDE_IN_FRAMEWORK_HEADER = YES;
				CLANG_WARN_RANGE_LOOP_ANALYSIS = YES;
				CLANG_WARN_STRICT_PROTOTYPES = YES;
				CLANG_WARN_SUSPICIOUS_MOVE = YES;
				CLANG_WARN_UNGUARDED_AVAILABILITY = YES_AGGRESSIVE;
				CLANG_WARN_UNREACHABLE_CODE = YES;
				CLANG_WARN__DUPLICATE_METHOD_MATCH = YES;
				COPY_PHASE_STRIP = NO;
				DEBUG_INFORMATION_FORMAT = "dwarf-with-dsym";
				ENABLE_NS_ASSERTIONS = NO;
				ENABLE_STRICT_OBJC_MSGSEND = YES;
				ENABLE_USER_SCRIPT_SANDBOXING = YES;
				GCC_C_LANGUAGE_STANDARD = gnu17;
				GCC_NO_COMMON_BLOCKS = YES;
				GCC_WARN_64_TO_32_BIT_CONVERSION = YES;
				GCC_WARN_ABOUT_RETURN_TYPE = YES_ERROR;
				GCC_WARN_UNDECLARED_SELECTOR = YES;
				GCC_WARN_UNINITIALIZED_AUTOS = YES_AGGRESSIVE;
				GCC_WARN_UNUSED_FUNCTION = YES;
				GCC_WARN_UNUSED_VARIABLE = YES;
				IPHONEOS_DEPLOYMENT_TARGET = 26.5;
				LOCALIZATION_PREFERS_STRING_CATALOGS = YES;
				MTL_ENABLE_DEBUG_INFO = NO;
				MTL_FAST_MATH = YES;
				SDKROOT = iphoneos;
				STRING_CATALOG_GENERATE_SYMBOLS = YES;
				SWIFT_COMPILATION_MODE = wholemodule;
				VALIDATE_PRODUCT = YES;
			};
			name = Release;
		};
		9C06E0BA2FF77EE10010AF4A /* Debug */ = {
			isa = XCBuildConfiguration;
			buildSettings = {
				ASSETCATALOG_COMPILER_APPICON_NAME = AppIcon;
				ASSETCATALOG_COMPILER_GLOBAL_ACCENT_COLOR_NAME = AccentColor;
				CODE_SIGN_STYLE = Automatic;
				CURRENT_PROJECT_VERSION = 1;
				DEVELOPMENT_TEAM = TXFV3DH636;
				ENABLE_PREVIEWS = YES;
				ENABLE_USER_SCRIPT_SANDBOXING = YES;
				GENERATE_INFOPLIST_FILE = YES;
				INFOPLIST_KEY_UIApplicationSceneManifest_Generation = YES;
				INFOPLIST_KEY_UIApplicationSupportsIndirectInputEvents = YES;
				INFOPLIST_KEY_UILaunchScreen_Generation = YES;
				INFOPLIST_KEY_UISupportedInterfaceOrientations_iPad = "UIInterfaceOrientationPortrait UIInterfaceOrientationPortraitUpsideDown UIInterfaceOrientationLandscapeLeft UIInterfaceOrientationLandscapeRight";
				INFOPLIST_KEY_UISupportedInterfaceOrientations_iPhone = "UIInterfaceOrientationPortrait UIInterfaceOrientationLandscapeLeft UIInterfaceOrientationLandscapeRight";
				IPHONEOS_DEPLOYMENT_TARGET = 26.0;
				LD_RUNPATH_SEARCH_PATHS = (
					"$(inherited)",
					"@executable_path/Frameworks",
				);
				MARKETING_VERSION = 1.0;
				PRODUCT_BUNDLE_IDENTIFIER = com.example.OnDeviceSummary;
				PRODUCT_NAME = "$(TARGET_NAME)";
				STRING_CATALOG_GENERATE_SYMBOLS = YES;
				SWIFT_OBJC_BRIDGING_HEADER = "OnDeviceSummary/OnDeviceSummary-Bridging-Header.h";
				SUPPORTED_PLATFORMS = "iphoneos iphonesimulator";
				SUPPORTS_MACCATALYST = NO;
				SUPPORTS_MAC_DESIGNED_FOR_IPHONE_IPAD = NO;
				SUPPORTS_XR_DESIGNED_FOR_IPHONE_IPAD = NO;
				SWIFT_APPROACHABLE_CONCURRENCY = YES;
				SWIFT_DEFAULT_ACTOR_ISOLATION = MainActor;
				SWIFT_EMIT_LOC_STRINGS = YES;
				SWIFT_UPCOMING_FEATURE_MEMBER_IMPORT_VISIBILITY = YES;
				SWIFT_VERSION = 5.0;
				TARGETED_DEVICE_FAMILY = 1;
			};
			name = Debug;
		};
		9C06E0BB2FF77EE10010AF4A /* Release */ = {
			isa = XCBuildConfiguration;
			buildSettings = {
				ASSETCATALOG_COMPILER_APPICON_NAME = AppIcon;
				ASSETCATALOG_COMPILER_GLOBAL_ACCENT_COLOR_NAME = AccentColor;
				CODE_SIGN_STYLE = Automatic;
				CURRENT_PROJECT_VERSION = 1;
				DEVELOPMENT_TEAM = TXFV3DH636;
				ENABLE_PREVIEWS = YES;
				ENABLE_USER_SCRIPT_SANDBOXING = YES;
				GENERATE_INFOPLIST_FILE = YES;
				INFOPLIST_KEY_UIApplicationSceneManifest_Generation = YES;
				INFOPLIST_KEY_UIApplicationSupportsIndirectInputEvents = YES;
				INFOPLIST_KEY_UILaunchScreen_Generation = YES;
				INFOPLIST_KEY_UISupportedInterfaceOrientations_iPad = "UIInterfaceOrientationPortrait UIInterfaceOrientationPortraitUpsideDown UIInterfaceOrientationLandscapeLeft UIInterfaceOrientationLandscapeRight";
				INFOPLIST_KEY_UISupportedInterfaceOrientations_iPhone = "UIInterfaceOrientationPortrait UIInterfaceOrientationLandscapeLeft UIInterfaceOrientationLandscapeRight";
				IPHONEOS_DEPLOYMENT_TARGET = 26.0;
				LD_RUNPATH_SEARCH_PATHS = (
					"$(inherited)",
					"@executable_path/Frameworks",
				);
				MARKETING_VERSION = 1.0;
				PRODUCT_BUNDLE_IDENTIFIER = com.example.OnDeviceSummary;
				PRODUCT_NAME = "$(TARGET_NAME)";
				STRING_CATALOG_GENERATE_SYMBOLS = YES;
				SWIFT_OBJC_BRIDGING_HEADER = "OnDeviceSummary/OnDeviceSummary-Bridging-Header.h";
				SUPPORTED_PLATFORMS = "iphoneos iphonesimulator";
				SUPPORTS_MACCATALYST = NO;
				SUPPORTS_MAC_DESIGNED_FOR_IPHONE_IPAD = NO;
				SUPPORTS_XR_DESIGNED_FOR_IPHONE_IPAD = NO;
				SWIFT_APPROACHABLE_CONCURRENCY = YES;
				SWIFT_DEFAULT_ACTOR_ISOLATION = MainActor;
				SWIFT_EMIT_LOC_STRINGS = YES;
				SWIFT_UPCOMING_FEATURE_MEMBER_IMPORT_VISIBILITY = YES;
				SWIFT_VERSION = 5.0;
				TARGETED_DEVICE_FAMILY = 1;
			};
			name = Release;
		};
		9C06E0BD2FF77EE10010AF4A /* Debug */ = {
			isa = XCBuildConfiguration;
			buildSettings = {
				BUNDLE_LOADER = "$(TEST_HOST)";
				CODE_SIGN_STYLE = Automatic;
				CURRENT_PROJECT_VERSION = 1;
				GENERATE_INFOPLIST_FILE = YES;
				IPHONEOS_DEPLOYMENT_TARGET = 26.5;
				MARKETING_VERSION = 1.0;
				PRODUCT_BUNDLE_IDENTIFIER = com.example.OnDeviceSummaryTests;
				PRODUCT_NAME = "$(TARGET_NAME)";
				STRING_CATALOG_GENERATE_SYMBOLS = NO;
				SWIFT_APPROACHABLE_CONCURRENCY = YES;
				SWIFT_EMIT_LOC_STRINGS = NO;
				SWIFT_UPCOMING_FEATURE_MEMBER_IMPORT_VISIBILITY = YES;
				SWIFT_VERSION = 5.0;
				TARGETED_DEVICE_FAMILY = "1,2";
				TEST_HOST = "$(BUILT_PRODUCTS_DIR)/OnDeviceSummary.app/$(BUNDLE_EXECUTABLE_FOLDER_PATH)/OnDeviceSummary";
			};
			name = Debug;
		};
		9C06E0BE2FF77EE10010AF4A /* Release */ = {
			isa = XCBuildConfiguration;
			buildSettings = {
				BUNDLE_LOADER = "$(TEST_HOST)";
				CODE_SIGN_STYLE = Automatic;
				CURRENT_PROJECT_VERSION = 1;
				GENERATE_INFOPLIST_FILE = YES;
				IPHONEOS_DEPLOYMENT_TARGET = 26.5;
				MARKETING_VERSION = 1.0;
				PRODUCT_BUNDLE_IDENTIFIER = com.example.OnDeviceSummaryTests;
				PRODUCT_NAME = "$(TARGET_NAME)";
				STRING_CATALOG_GENERATE_SYMBOLS = NO;
				SWIFT_APPROACHABLE_CONCURRENCY = YES;
				SWIFT_EMIT_LOC_STRINGS = NO;
				SWIFT_UPCOMING_FEATURE_MEMBER_IMPORT_VISIBILITY = YES;
				SWIFT_VERSION = 5.0;
				TARGETED_DEVICE_FAMILY = "1,2";
				TEST_HOST = "$(BUILT_PRODUCTS_DIR)/OnDeviceSummary.app/$(BUNDLE_EXECUTABLE_FOLDER_PATH)/OnDeviceSummary";
			};
			name = Release;
		};
		9C06E0C02FF77EE10010AF4A /* Debug */ = {
			isa = XCBuildConfiguration;
			buildSettings = {
				CODE_SIGN_STYLE = Automatic;
				CURRENT_PROJECT_VERSION = 1;
				GENERATE_INFOPLIST_FILE = YES;
				MARKETING_VERSION = 1.0;
				PRODUCT_BUNDLE_IDENTIFIER = com.example.OnDeviceSummaryUITests;
				PRODUCT_NAME = "$(TARGET_NAME)";
				STRING_CATALOG_GENERATE_SYMBOLS = NO;
				SWIFT_APPROACHABLE_CONCURRENCY = YES;
				SWIFT_EMIT_LOC_STRINGS = NO;
				SWIFT_UPCOMING_FEATURE_MEMBER_IMPORT_VISIBILITY = YES;
				SWIFT_VERSION = 5.0;
				TARGETED_DEVICE_FAMILY = "1,2";
				TEST_TARGET_NAME = OnDeviceSummary;
			};
			name = Debug;
		};
		9C06E0C12FF77EE10010AF4A /* Release */ = {
			isa = XCBuildConfiguration;
			buildSettings = {
				CODE_SIGN_STYLE = Automatic;
				CURRENT_PROJECT_VERSION = 1;
				GENERATE_INFOPLIST_FILE = YES;
				MARKETING_VERSION = 1.0;
				PRODUCT_BUNDLE_IDENTIFIER = com.example.OnDeviceSummaryUITests;
				PRODUCT_NAME = "$(TARGET_NAME)";
				STRING_CATALOG_GENERATE_SYMBOLS = NO;
				SWIFT_APPROACHABLE_CONCURRENCY = YES;
				SWIFT_EMIT_LOC_STRINGS = NO;
				SWIFT_UPCOMING_FEATURE_MEMBER_IMPORT_VISIBILITY = YES;
				SWIFT_VERSION = 5.0;
				TARGETED_DEVICE_FAMILY = "1,2";
				TEST_TARGET_NAME = OnDeviceSummary;
			};
			name = Release;
		};
/* End XCBuildConfiguration section */

/* Begin XCConfigurationList section */
		9C06E0912FF77EDF0010AF4A /* Build configuration list for PBXProject "OnDeviceSummary" */ = {
			isa = XCConfigurationList;
			buildConfigurations = (
				9C06E0B72FF77EE10010AF4A /* Debug */,
				9C06E0B82FF77EE10010AF4A /* Release */,
			);
			defaultConfigurationIsVisible = 0;
			defaultConfigurationName = Release;
		};
		9C06E0B92FF77EE10010AF4A /* Build configuration list for PBXNativeTarget "OnDeviceSummary" */ = {
			isa = XCConfigurationList;
			buildConfigurations = (
				9C06E0BA2FF77EE10010AF4A /* Debug */,
				9C06E0BB2FF77EE10010AF4A /* Release */,
			);
			defaultConfigurationIsVisible = 0;
			defaultConfigurationName = Release;
		};
		9C06E0BC2FF77EE10010AF4A /* Build configuration list for PBXNativeTarget "OnDeviceSummaryTests" */ = {
			isa = XCConfigurationList;
			buildConfigurations = (
				9C06E0BD2FF77EE10010AF4A /* Debug */,
				9C06E0BE2FF77EE10010AF4A /* Release */,
			);
			defaultConfigurationIsVisible = 0;
			defaultConfigurationName = Release;
		};
		9C06E0BF2FF77EE10010AF4A /* Build configuration list for PBXNativeTarget "OnDeviceSummaryUITests" */ = {
			isa = XCConfigurationList;
			buildConfigurations = (
				9C06E0C02FF77EE10010AF4A /* Debug */,
				9C06E0C12FF77EE10010AF4A /* Release */,
			);
			defaultConfigurationIsVisible = 0;
			defaultConfigurationName = Release;
		};
/* End XCConfigurationList section */

/* Begin XCRemoteSwiftPackageReference section */
		9C06E1382FF8A4070010AF4A /* XCRemoteSwiftPackageReference "executorch" */ = {
			isa = XCRemoteSwiftPackageReference;
			repositoryURL = "https://github.com/pytorch/executorch.git";
			requirement = {
				branch = "swiftpm-1.3.1";
				kind = branch;
			};
		};
/* End XCRemoteSwiftPackageReference section */

/* Begin XCSwiftPackageProductDependency section */
		9C06E13A2FF8A4300010AF4A /* backend_xnnpack */ = { isa = XCSwiftPackageProductDependency; package = 9C06E1382FF8A4070010AF4A /* XCRemoteSwiftPackageReference "executorch" */; productName = backend_xnnpack; };
		9C06E13C2FF8A4300010AF4A /* executorch */ = { isa = XCSwiftPackageProductDependency; package = 9C06E1382FF8A4070010AF4A /* XCRemoteSwiftPackageReference "executorch" */; productName = executorch; };
		9C06E13E2FF8A4300010AF4A /* executorch_llm */ = { isa = XCSwiftPackageProductDependency; package = 9C06E1382FF8A4070010AF4A /* XCRemoteSwiftPackageReference "executorch" */; productName = executorch_llm; };
		9C06E1402FF8A4300010AF4A /* kernels_optimized */ = { isa = XCSwiftPackageProductDependency; package = 9C06E1382FF8A4070010AF4A /* XCRemoteSwiftPackageReference "executorch" */; productName = kernels_optimized; };
		9C06E1422FF8A4300010AF4A /* kernels_quantized */ = { isa = XCSwiftPackageProductDependency; package = 9C06E1382FF8A4070010AF4A /* XCRemoteSwiftPackageReference "executorch" */; productName = kernels_quantized; };
		9C06E1442FF8A4300010AF4A /* kernels_torchao */ = { isa = XCSwiftPackageProductDependency; package = 9C06E1382FF8A4070010AF4A /* XCRemoteSwiftPackageReference "executorch" */; productName = kernels_torchao; };
		9C06E1462FF9A0000010AF4A /* kernels_llm */ = { isa = XCSwiftPackageProductDependency; package = 9C06E1382FF8A4070010AF4A /* XCRemoteSwiftPackageReference "executorch" */; productName = kernels_llm; };
/* End XCSwiftPackageProductDependency section */

/* Begin XCRemoteSwiftPackageReference section */
		AB10CE110000000000000001 /* XCRemoteSwiftPackageReference "SwiftLintPlugins" */ = {
			isa = XCRemoteSwiftPackageReference;
			repositoryURL = "https://github.com/SimplyDanny/SwiftLintPlugins";
			requirement = {
				kind = upToNextMajorVersion;
				minimumVersion = 0.65.0;
			};
		};
/* End XCRemoteSwiftPackageReference section */

/* Begin XCSwiftPackageProductDependency section */
		AB10CE110000000000000002 /* SwiftLintBuildToolPlugin */ = {
			isa = XCSwiftPackageProductDependency;
			package = AB10CE110000000000000001 /* XCRemoteSwiftPackageReference "SwiftLintPlugins" */;
			productName = "plugin:SwiftLintBuildToolPlugin";
		};
		AB10CE110000000000000003 /* SwiftLintBuildToolPlugin */ = {
			isa = XCSwiftPackageProductDependency;
			package = AB10CE110000000000000001 /* XCRemoteSwiftPackageReference "SwiftLintPlugins" */;
			productName = "plugin:SwiftLintBuildToolPlugin";
		};
/* End XCSwiftPackageProductDependency section */
	};
	rootObject = 9C06E08E2FF77EDF0010AF4A /* Project object */;
}
